
Microsoft Visual Studio Solution File, Format Version 12.00
# Visual Studio Version 16
VisualStudioVersion = 16.0.30225.117
MinimumVisualStudioVersion = 10.0.40219.1
Project("{FAE04EC0-301F-11D3-BF4B-00C04F79EFBC}") = "enquiryMaster", "enquiryMaster\enquiryMaster.csproj", "{ABEB95A4-9DB4-4962-B8C5-70D9BFEECA47}"
EndProject
Global
	GlobalSection(SolutionConfigurationPlatforms) = preSolution
		Debug|Any CPU = Debug|Any CPU
		Release|Any CPU = Release|Any CPU
	EndGlobalSection
	GlobalSection(ProjectConfigurationPlatforms) = postSolution
		{ABEB95A4-9DB4-4962-B8C5-70D9BFEECA47}.Debug|Any CPU.ActiveCfg = Debug|Any CPU
		{ABEB95A4-9DB4-4962-B8C5-70D9BFEECA47}.Debug|Any CPU.Build.0 = Debug|Any CPU
		{ABEB95A4-9DB4-4962-B8C5-70D9BFEECA47}.Release|Any CPU.ActiveCfg = Release|Any CPU
		{ABEB95A4-9DB4-4962-B8C5-70D9BFEECA47}.Release|Any CPU.Build.0 = Release|Any CPU
	EndGlobalSection
	GlobalSection(SolutionProperties) = preSolution
		HideSolutionNode = FALSE
	EndGlobalSection
	GlobalSection(ExtensibilityGlobals) = postSolution
		SolutionGuid = {29A6248D-1F5B-4806-AF60-441B638E425C}
	EndGlobalSection
EndGlobal
